Microsoft Visual Studio Solution File, Format Version 9.00
# Visual Studio 2005
Project("{8BC9CEB8-8B4A-11D0-8D11-00A0C91BC942}") = "_ray_tracing", "ray_tracing.vcproj", "{55E75EC0-4B32-4051-A174-5F30243B2874}"
	ProjectSection(ProjectDependencies) = postProject
		{BECBDC32-D856-4A8E-8C46-3D9E99D72CA0} = {BECBDC32-D856-4A8E-8C46-3D9E99D72CA0}
		{C5A0BC3B-6039-45A9-8157-4876452588E5} = {C5A0BC3B-6039-45A9-8157-4876452588E5}
		{CFE01F23-CA91-45DC-9770-2120F4F26D9F} = {CFE01F23-CA91-45DC-9770-2120F4F26D9F}
	EndProjectSection
EndProject
Project("{8BC9CEB8-8B4A-11D0-8D11-00A0C91BC942}") = "PhysBAM", "..\..\Public_Library\PhysBAM.vcproj", "{BECBDC32-D856-4A8E-8C46-3D9E99D72CA0}"
	ProjectSection(ProjectDependencies) = postProject
		{CFE01F23-CA91-45DC-9770-2120F4F26D9F} = {CFE01F23-CA91-45DC-9770-2120F4F26D9F}
	EndProjectSection
EndProject
Project("{8BC9CEB8-8B4A-11D0-8D11-00A0C91BC942}") = "gzstream", "..\..\External_Libraries\gzstream\gzstream.vcproj", "{CFE01F23-CA91-45DC-9770-2120F4F26D9F}"
EndProject
Project("{8BC9CEB8-8B4A-11D0-8D11-00A0C91BC942}") = "PhysBAM_Rendering", "..\..\Public_Library\PhysBAM_Rendering.vcproj", "{C5A0BC3B-6039-45A9-8157-4876452588E5}"
	ProjectSection(ProjectDependencies) = postProject
		{BECBDC32-D856-4A8E-8C46-3D9E99D72CA0} = {BECBDC32-D856-4A8E-8C46-3D9E99D72CA0}
	EndProjectSection
EndProject
Global
	GlobalSection(SolutionConfigurationPlatforms) = preSolution
		Debug|Win32 = Debug|Win32
		Profiling Release|Win32 = Profiling Release|Win32
		Release|Win32 = Release|Win32
	EndGlobalSection
	GlobalSection(ProjectConfigurationPlatforms) = postSolution
		{55E75EC0-4B32-4051-A174-5F30243B2874}.Debug|Win32.ActiveCfg = Debug|Win32
		{55E75EC0-4B32-4051-A174-5F30243B2874}.Debug|Win32.Build.0 = Debug|Win32
		{55E75EC0-4B32-4051-A174-5F30243B2874}.Profiling Release|Win32.ActiveCfg = Release|Win32
		{55E75EC0-4B32-4051-A174-5F30243B2874}.Profiling Release|Win32.Build.0 = Release|Win32
		{55E75EC0-4B32-4051-A174-5F30243B2874}.Release|Win32.ActiveCfg = Release|Win32
		{55E75EC0-4B32-4051-A174-5F30243B2874}.Release|Win32.Build.0 = Release|Win32
		{BECBDC32-D856-4A8E-8C46-3D9E99D72CA0}.Debug|Win32.ActiveCfg = Debug|Win32
		{BECBDC32-D856-4A8E-8C46-3D9E99D72CA0}.Debug|Win32.Build.0 = Debug|Win32
		{BECBDC32-D856-4A8E-8C46-3D9E99D72CA0}.Profiling Release|Win32.ActiveCfg = Profiling Release|Win32
		{BECBDC32-D856-4A8E-8C46-3D9E99D72CA0}.Profiling Release|Win32.Build.0 = Profiling Release|Win32
		{BECBDC32-D856-4A8E-8C46-3D9E99D72CA0}.Release|Win32.ActiveCfg = Release|Win32
		{BECBDC32-D856-4A8E-8C46-3D9E99D72CA0}.Release|Win32.Build.0 = Release|Win32
		{CFE01F23-CA91-45DC-9770-2120F4F26D9F}.Debug|Win32.ActiveCfg = Debug|Win32
		{CFE01F23-CA91-45DC-9770-2120F4F26D9F}.Debug|Win32.Build.0 = Debug|Win32
		{CFE01F23-CA91-45DC-9770-2120F4F26D9F}.Profiling Release|Win32.ActiveCfg = Release|Win32
		{CFE01F23-CA91-45DC-9770-2120F4F26D9F}.Profiling Release|Win32.Build.0 = Release|Win32
		{CFE01F23-CA91-45DC-9770-2120F4F26D9F}.Release|Win32.ActiveCfg = Release|Win32
		{CFE01F23-CA91-45DC-9770-2120F4F26D9F}.Release|Win32.Build.0 = Release|Win32
		{C5A0BC3B-6039-45A9-8157-4876452588E5}.Debug|Win32.ActiveCfg = Debug|Win32
		{C5A0BC3B-6039-45A9-8157-4876452588E5}.Debug|Win32.Build.0 = Debug|Win32
		{C5A0BC3B-6039-45A9-8157-4876452588E5}.Profiling Release|Win32.ActiveCfg = Profiling Release|Win32
		{C5A0BC3B-6039-45A9-8157-4876452588E5}.Profiling Release|Win32.Build.0 = Profiling Release|Win32
		{C5A0BC3B-6039-45A9-8157-4876452588E5}.Release|Win32.ActiveCfg = Release|Win32
		{C5A0BC3B-6039-45A9-8157-4876452588E5}.Release|Win32.Build.0 = Release|Win32
	EndGlobalSection
	GlobalSection(SolutionProperties) = preSolution
		HideSolutionNode = FALSE
	EndGlobalSection
EndGlobal
